
Microsoft Visual Studio Solution File, Format Version 12.00
# Visual Studio Version 16
VisualStudioVersion = 16.0.31313.79
MinimumVisualStudioVersion = 10.0.40219.1
Project("{FAE04EC0-301F-11D3-BF4B-00C04F79EFBC}") = "dan2", "dan2\dan2.csproj", "{7119945B-01D0-4D11-9BB9-462F4099C0A8}"
EndProject
Global
	GlobalSection(SolutionConfigurationPlatforms) = preSolution
		Debug|Any CPU = Debug|Any CPU
		Release|Any CPU = Release|Any CPU
	EndGlobalSection
	GlobalSection(ProjectConfigurationPlatforms) = postSolution
		{7119945B-01D0-4D11-9BB9-462F4099C0A8}.Debug|Any CPU.ActiveCfg = Debug|Any CPU
		{7119945B-01D0-4D11-9BB9-462F4099C0A8}.Debug|Any CPU.Build.0 = Debug|Any CPU
		{7119945B-01D0-4D11-9BB9-462F4099C0A8}.Release|Any CPU.ActiveCfg = Release|Any CPU
		{7119945B-01D0-4D11-9BB9-462F4099C0A8}.Release|Any CPU.Build.0 = Release|Any CPU
	EndGlobalSection
	GlobalSection(SolutionProperties) = preSolution
		HideSolutionNode = FALSE
	EndGlobalSection
	GlobalSection(ExtensibilityGlobals) = postSolution
		SolutionGuid = {6CD3F6A0-C8FC-42EF-B99C-9698702B0E3F}
	EndGlobalSection
EndGlobal
